// !$*UTF8*$!
{
	archiveVersion = 1;
	classes = {
	};
	objectVersion = 56;
	objects = {

/* Begin PBXBuildFile section */
		C92996862B282D0900BD6587 /* ComPDFKit.xcframework in Frameworks */ = {isa = PBXBuildFile; fileRef = C92996852B282D0900BD6587 /* ComPDFKit.xcframework */; };
		C92996872B282D0900BD6587 /* ComPDFKit.xcframework in Embed Frameworks */ = {isa = PBXBuildFile; fileRef = C92996852B282D0900BD6587 /* ComPDFKit.xcframework */; settings = {ATTRIBUTES = (CodeSignOnCopy, RemoveHeadersOnCopy, ); }; };
		C92996A32B282DB300BD6587 /* Bird.wav in Resources */ = {isa = PBXBuildFile; fileRef = C929968C2B282DB300BD6587 /* Bird.wav */; };
		C92996A42B282DB300BD6587 /* CommonFivePage.pdf in Resources */ = {isa = PBXBuildFile; fileRef = C929968D2B282DB300BD6587 /* CommonFivePage.pdf */; };
		C92996A52B282DB300BD6587 /* ComPDFKit_Signatures_Sample_File.pdf in Resources */ = {isa = PBXBuildFile; fileRef = C929968E2B282DB300BD6587 /* ComPDFKit_Signatures_Sample_File.pdf */; };
		C92996A62B282DB300BD6587 /* ComPDFKit_Measurement_Sample_File.pdf in Resources */ = {isa = PBXBuildFile; fileRef = C929968F2B282DB300BD6587 /* ComPDFKit_Measurement_Sample_File.pdf */; };
		C92996A72B282DB300BD6587 /* Form_Widgets_Test.pdf in Resources */ = {isa = PBXBuildFile; fileRef = C92996902B282DB300BD6587 /* Form_Widgets_Test.pdf */; };
		C92996A82B282DB300BD6587 /* ComPDFKit_Forms_Sample_File.pdf in Resources */ = {isa = PBXBuildFile; fileRef = C92996912B282DB300BD6587 /* ComPDFKit_Forms_Sample_File.pdf */; };
		C92996A92B282DB300BD6587 /* PDF32000_2008.pdf in Resources */ = {isa = PBXBuildFile; fileRef = C92996922B282DB300BD6587 /* PDF32000_2008.pdf */; };
		C92996AA2B282DB300BD6587 /* ComPDFKit_Watermark_Sample_File.pdf in Resources */ = {isa = PBXBuildFile; fileRef = C92996932B282DB300BD6587 /* ComPDFKit_Watermark_Sample_File.pdf */; };
		C92996AB2B282DB300BD6587 /* ComPDFKit_Document_Editor_Sample_File.pdf in Resources */ = {isa = PBXBuildFile; fileRef = C92996942B282DB300BD6587 /* ComPDFKit_Document_Editor_Sample_File.pdf */; };
		C92996AC2B282DB300BD6587 /* Blank Page.pdf in Resources */ = {isa = PBXBuildFile; fileRef = C92996952B282DB300BD6587 /* Blank Page.pdf */; };
		C92996AD2B282DB300BD6587 /* Password_compdfkit_Security_Sample_File.pdf in Resources */ = {isa = PBXBuildFile; fileRef = C92996962B282DB300BD6587 /* Password_compdfkit_Security_Sample_File.pdf */; };
		C92996AE2B282DB300BD6587 /* Logo.png in Resources */ = {isa = PBXBuildFile; fileRef = C92996972B282DB300BD6587 /* Logo.png */; };
		C92996AF2B282DB300BD6587 /* CreateAnnotationTest.pdf in Resources */ = {isa = PBXBuildFile; fileRef = C92996982B282DB300BD6587 /* CreateAnnotationTest.pdf */; };
		C92996B02B282DB300BD6587 /* ComPDFKit_Content_Editor_Sample_File.pdf in Resources */ = {isa = PBXBuildFile; fileRef = C92996992B282DB300BD6587 /* ComPDFKit_Content_Editor_Sample_File.pdf */; };
		C92996B12B282DB300BD6587 /* ComPDFKit_Sample_File_iOS.pdf in Resources */ = {isa = PBXBuildFile; fileRef = C929969A2B282DB300BD6587 /* ComPDFKit_Sample_File_iOS.pdf */; };
		C92996B22B282DB300BD6587 /* ComPDFKit_Viewer_Sample_File.pdf in Resources */ = {isa = PBXBuildFile; fileRef = C929969B2B282DB300BD6587 /* ComPDFKit_Viewer_Sample_File.pdf */; };
		C92996B32B282DB300BD6587 /* AllPasswords.pdf in Resources */ = {isa = PBXBuildFile; fileRef = C929969C2B282DB300BD6587 /* AllPasswords.pdf */; };
		C92996B42B282DB300BD6587 /* developer_guide_ios.pdf in Resources */ = {isa = PBXBuildFile; fileRef = C929969D2B282DB300BD6587 /* developer_guide_ios.pdf */; };
		C92996B52B282DB300BD6587 /* ComPDFKit_Annotations_Sample_File.pdf in Resources */ = {isa = PBXBuildFile; fileRef = C929969E2B282DB300BD6587 /* ComPDFKit_Annotations_Sample_File.pdf */; };
		C92996B62B282DB300BD6587 /* text.pdf in Resources */ = {isa = PBXBuildFile; fileRef = C929969F2B282DB300BD6587 /* text.pdf */; };
		C92996B72B282DB300BD6587 /* XMLReader.m in Sources */ = {isa = PBXBuildFile; fileRef = C92996A22B282DB300BD6587 /* XMLReader.m */; };
		C94499662ABA9CE6008FC994 /* CDigitalSignatureViewController.m in Sources */ = {isa = PBXBuildFile; fileRef = C94499652ABA9CE6008FC994 /* CDigitalSignatureViewController.m */; };
		C97699462A540D4200187038 /* CBookmarkViewController.m in Sources */ = {isa = PBXBuildFile; fileRef = C97699452A540D4200187038 /* CBookmarkViewController.m */; };
		C97699542A55162B00187038 /* COutlineViewController.m in Sources */ = {isa = PBXBuildFile; fileRef = C97699532A55162B00187038 /* COutlineViewController.m */; };
		C97699652A554F4800187038 /* CPDFToImageViewController.m in Sources */ = {isa = PBXBuildFile; fileRef = C97699642A554F4800187038 /* CPDFToImageViewController.m */; };
		C97699692A556AE400187038 /* CTextSearchViewController.m in Sources */ = {isa = PBXBuildFile; fileRef = C97699682A556AE400187038 /* CTextSearchViewController.m */; };
		C97699712A5595DF00187038 /* CAnnotaitonViewController.m in Sources */ = {isa = PBXBuildFile; fileRef = C97699702A5595DF00187038 /* CAnnotaitonViewController.m */; };
		C97699792A569C9400187038 /* CAnnotationImportExportViewController.m in Sources */ = {isa = PBXBuildFile; fileRef = C97699782A569C9400187038 /* CAnnotationImportExportViewController.m */; };
		C976997D2A56AD3B00187038 /* CInteractiveFormsViewController.m in Sources */ = {isa = PBXBuildFile; fileRef = C976997C2A56AD3B00187038 /* CInteractiveFormsViewController.m */; };
		C97699812A579FEC00187038 /* CPDFPageViewController.m in Sources */ = {isa = PBXBuildFile; fileRef = C97699802A579FEC00187038 /* CPDFPageViewController.m */; };
		C97699852A57E56900187038 /* CImageExtractViewController.m in Sources */ = {isa = PBXBuildFile; fileRef = C97699842A57E56900187038 /* CImageExtractViewController.m */; };
		C97699892A5800A100187038 /* CTextExtractViewController.m in Sources */ = {isa = PBXBuildFile; fileRef = C97699882A5800A100187038 /* CTextExtractViewController.m */; };
		C976998D2A580D0400187038 /* CDocumentInfoViewController.m in Sources */ = {isa = PBXBuildFile; fileRef = C976998C2A580D0400187038 /* CDocumentInfoViewController.m */; };
		C97699912A581BA900187038 /* CWatermarkViewController.m in Sources */ = {isa = PBXBuildFile; fileRef = C97699902A581BA900187038 /* CWatermarkViewController.m */; };
		C97699982A5AAEF900187038 /* CBackgroundViewController.m in Sources */ = {isa = PBXBuildFile; fileRef = C97699972A5AAEF900187038 /* CBackgroundViewController.m */; };
		C976999C2A5ACAAB00187038 /* CHeaderFooterViewController.m in Sources */ = {isa = PBXBuildFile; fileRef = C976999B2A5ACAAB00187038 /* CHeaderFooterViewController.m */; };
		C97699A02A5BA1C300187038 /* CBatesViewController.m in Sources */ = {isa = PBXBuildFile; fileRef = C976999F2A5BA1C300187038 /* CBatesViewController.m */; };
		C97699A42A5BAF8D00187038 /* CRedactViewController.m in Sources */ = {isa = PBXBuildFile; fileRef = C97699A32A5BAF8D00187038 /* CRedactViewController.m */; };
		C97699A82A5BD1B400187038 /* CEncryptViewController.m in Sources */ = {isa = PBXBuildFile; fileRef = C97699A72A5BD1B400187038 /* CEncryptViewController.m */; };
		C97699B02A5BF4A700187038 /* CPDFAViewController.m in Sources */ = {isa = PBXBuildFile; fileRef = C97699AF2A5BF4A700187038 /* CPDFAViewController.m */; };
		C97699B42A5BFA4A00187038 /* CFlattenedCopyViewController.m in Sources */ = {isa = PBXBuildFile; fileRef = C97699B32A5BFA4A00187038 /* CFlattenedCopyViewController.m */; };
		C9E361142A5273BC004D31BE /* AppDelegate.m in Sources */ = {isa = PBXBuildFile; fileRef = C9E361132A5273BC004D31BE /* AppDelegate.m */; };
		C9E361172A5273BC004D31BE /* SceneDelegate.m in Sources */ = {isa = PBXBuildFile; fileRef = C9E361162A5273BC004D31BE /* SceneDelegate.m */; };
		C9E3611A2A5273BC004D31BE /* CSamplesFuctionViewController.m in Sources */ = {isa = PBXBuildFile; fileRef = C9E361192A5273BC004D31BE /* CSamplesFuctionViewController.m */; };
		C9E3611D2A5273BC004D31BE /* Main.storyboard in Resources */ = {isa = PBXBuildFile; fileRef = C9E3611B2A5273BC004D31BE /* Main.storyboard */; };
		C9E3611F2A5273BF004D31BE /* Assets.xcassets in Resources */ = {isa = PBXBuildFile; fileRef = C9E3611E2A5273BF004D31BE /* Assets.xcassets */; };
		C9E361222A5273BF004D31BE /* LaunchScreen.storyboard in Resources */ = {isa = PBXBuildFile; fileRef = C9E361202A5273BF004D31BE /* LaunchScreen.storyboard */; };
		C9E361252A5273BF004D31BE /* main.m in Sources */ = {isa = PBXBuildFile; fileRef = C9E361242A5273BF004D31BE /* main.m */; };
		C9E3613A2A53AD60004D31BE /* CSamplesBaseViewController.m in Sources */ = {isa = PBXBuildFile; fileRef = C9E361382A53AD60004D31BE /* CSamplesBaseViewController.m */; };
		C9E3613B2A53AD60004D31BE /* CSamplesBaseViewController.xib in Resources */ = {isa = PBXBuildFile; fileRef = C9E361392A53AD60004D31BE /* CSamplesBaseViewController.xib */; };
/* End PBXBuildFile section */

/* Begin PBXCopyFilesBuildPhase section */
		C92996882B282D0900BD6587 /* Embed Frameworks */ = {
			isa = PBXCopyFilesBuildPhase;
			buildActionMask = 2147483647;
			dstPath = "";
			dstSubfolderSpec = 10;
			files = (
				C92996872B282D0900BD6587 /* ComPDFKit.xcframework in Embed Frameworks */,
			);
			name = "Embed Frameworks";
			runOnlyForDeploymentPostprocessing = 0;
		};
/* End PBXCopyFilesBuildPhase section */

/* Begin PBXFileReference section */
		C92996852B282D0900BD6587 /* ComPDFKit.xcframework */ = {isa = PBXFileReference; lastKnownFileType = wrapper.xcframework; name = ComPDFKit.xcframework; path = ../Lib/ComPDFKit.xcframework; sourceTree = "<group>"; };
		C929968C2B282DB300BD6587 /* Bird.wav */ = {isa = PBXFileReference; lastKnownFileType = audio.wav; path = Bird.wav; sourceTree = "<group>"; };
		C929968D2B282DB300BD6587 /* CommonFivePage.pdf */ = {isa = PBXFileReference; lastKnownFileType = image.pdf; path = CommonFivePage.pdf; sourceTree = "<group>"; };
		C929968E2B282DB300BD6587 /* ComPDFKit_Signatures_Sample_File.pdf */ = {isa = PBXFileReference; lastKnownFileType = image.pdf; path = ComPDFKit_Signatures_Sample_File.pdf; sourceTree = "<group>"; };
		C929968F2B282DB300BD6587 /* ComPDFKit_Measurement_Sample_File.pdf */ = {isa = PBXFileReference; lastKnownFileType = image.pdf; path = ComPDFKit_Measurement_Sample_File.pdf; sourceTree = "<group>"; };
		C92996902B282DB300BD6587 /* Form_Widgets_Test.pdf */ = {isa = PBXFileReference; lastKnownFileType = image.pdf; path = Form_Widgets_Test.pdf; sourceTree = "<group>"; };
		C92996912B282DB300BD6587 /* ComPDFKit_Forms_Sample_File.pdf */ = {isa = PBXFileReference; lastKnownFileType = image.pdf; path = ComPDFKit_Forms_Sample_File.pdf; sourceTree = "<group>"; };
		C92996922B282DB300BD6587 /* PDF32000_2008.pdf */ = {isa = PBXFileReference; lastKnownFileType = image.pdf; path = PDF32000_2008.pdf; sourceTree = "<group>"; };
		C92996932B282DB300BD6587 /* ComPDFKit_Watermark_Sample_File.pdf */ = {isa = PBXFileReference; lastKnownFileType = image.pdf; path = ComPDFKit_Watermark_Sample_File.pdf; sourceTree = "<group>"; };
		C92996942B282DB300BD6587 /* ComPDFKit_Document_Editor_Sample_File.pdf */ = {isa = PBXFileReference; lastKnownFileType = image.pdf; path = ComPDFKit_Document_Editor_Sample_File.pdf; sourceTree = "<group>"; };
		C92996952B282DB300BD6587 /* Blank Page.pdf */ = {isa = PBXFileReference; lastKnownFileType = image.pdf; path = "Blank Page.pdf"; sourceTree = "<group>"; };
		C92996962B282DB300BD6587 /* Password_compdfkit_Security_Sample_File.pdf */ = {isa = PBXFileReference; lastKnownFileType = image.pdf; path = Password_compdfkit_Security_Sample_File.pdf; sourceTree = "<group>"; };
		C92996972B282DB300BD6587 /* Logo.png */ = {isa = PBXFileReference; lastKnownFileType = image.png; path = Logo.png; sourceTree = "<group>"; };
		C92996982B282DB300BD6587 /* CreateAnnotationTest.pdf */ = {isa = PBXFileReference; lastKnownFileType = image.pdf; path = CreateAnnotationTest.pdf; sourceTree = "<group>"; };
		C92996992B282DB300BD6587 /* ComPDFKit_Content_Editor_Sample_File.pdf */ = {isa = PBXFileReference; lastKnownFileType = image.pdf; path = ComPDFKit_Content_Editor_Sample_File.pdf; sourceTree = "<group>"; };
		C929969A2B282DB300BD6587 /* ComPDFKit_Sample_File_iOS.pdf */ = {isa = PBXFileReference; lastKnownFileType = image.pdf; path = ComPDFKit_Sample_File_iOS.pdf; sourceTree = "<group>"; };
		C929969B2B282DB300BD6587 /* ComPDFKit_Viewer_Sample_File.pdf */ = {isa = PBXFileReference; lastKnownFileType = image.pdf; path = ComPDFKit_Viewer_Sample_File.pdf; sourceTree = "<group>"; };
		C929969C2B282DB300BD6587 /* AllPasswords.pdf */ = {isa = PBXFileReference; lastKnownFileType = image.pdf; path = AllPasswords.pdf; sourceTree = "<group>"; };
		C929969D2B282DB300BD6587 /* developer_guide_ios.pdf */ = {isa = PBXFileReference; lastKnownFileType = image.pdf; path = developer_guide_ios.pdf; sourceTree = "<group>"; };
		C929969E2B282DB300BD6587 /* ComPDFKit_Annotations_Sample_File.pdf */ = {isa = PBXFileReference; lastKnownFileType = image.pdf; path = ComPDFKit_Annotations_Sample_File.pdf; sourceTree = "<group>"; };
		C929969F2B282DB300BD6587 /* text.pdf */ = {isa = PBXFileReference; lastKnownFileType = image.pdf; path = text.pdf; sourceTree = "<group>"; };
		C92996A12B282DB300BD6587 /* XMLReader.h */ = {isa = PBXFileReference; fileEncoding = 4; lastKnownFileType = sourcecode.c.h; path = XMLReader.h; sourceTree = "<group>"; };
		C92996A22B282DB300BD6587 /* XMLReader.m */ = {isa = PBXFileReference; fileEncoding = 4; lastKnownFileType = sourcecode.c.objc; path = XMLReader.m; sourceTree = "<group>"; };
		C94499642ABA9CE6008FC994 /* CDigitalSignatureViewController.h */ = {isa = PBXFileReference; lastKnownFileType = sourcecode.c.h; path = CDigitalSignatureViewController.h; sourceTree = "<group>"; };
		C94499652ABA9CE6008FC994 /* CDigitalSignatureViewController.m */ = {isa = PBXFileReference; lastKnownFileType = sourcecode.c.objc; path = CDigitalSignatureViewController.m; sourceTree = "<group>"; };
		C97699442A540D4200187038 /* CBookmarkViewController.h */ = {isa = PBXFileReference; lastKnownFileType = sourcecode.c.h; path = CBookmarkViewController.h; sourceTree = "<group>"; };
		C97699452A540D4200187038 /* CBookmarkViewController.m */ = {isa = PBXFileReference; lastKnownFileType = sourcecode.c.objc; path = CBookmarkViewController.m; sourceTree = "<group>"; };
		C97699522A55162B00187038 /* COutlineViewController.h */ = {isa = PBXFileReference; lastKnownFileType = sourcecode.c.h; path = COutlineViewController.h; sourceTree = "<group>"; };
		C97699532A55162B00187038 /* COutlineViewController.m */ = {isa = PBXFileReference; lastKnownFileType = sourcecode.c.objc; path = COutlineViewController.m; sourceTree = "<group>"; };
		C97699632A554F4800187038 /* CPDFToImageViewController.h */ = {isa = PBXFileReference; lastKnownFileType = sourcecode.c.h; path = CPDFToImageViewController.h; sourceTree = "<group>"; };
		C97699642A554F4800187038 /* CPDFToImageViewController.m */ = {isa = PBXFileReference; lastKnownFileType = sourcecode.c.objc; path = CPDFToImageViewController.m; sourceTree = "<group>"; };
		C97699672A556AE400187038 /* CTextSearchViewController.h */ = {isa = PBXFileReference; lastKnownFileType = sourcecode.c.h; path = CTextSearchViewController.h; sourceTree = "<group>"; };
		C97699682A556AE400187038 /* CTextSearchViewController.m */ = {isa = PBXFileReference; lastKnownFileType = sourcecode.c.objc; path = CTextSearchViewController.m; sourceTree = "<group>"; };
		C976996F2A5595DF00187038 /* CAnnotaitonViewController.h */ = {isa = PBXFileReference; lastKnownFileType = sourcecode.c.h; path = CAnnotaitonViewController.h; sourceTree = "<group>"; };
		C97699702A5595DF00187038 /* CAnnotaitonViewController.m */ = {isa = PBXFileReference; lastKnownFileType = sourcecode.c.objc; path = CAnnotaitonViewController.m; sourceTree = "<group>"; };
		C97699772A569C9400187038 /* CAnnotationImportExportViewController.h */ = {isa = PBXFileReference; lastKnownFileType = sourcecode.c.h; path = CAnnotationImportExportViewController.h; sourceTree = "<group>"; };
		C97699782A569C9400187038 /* CAnnotationImportExportViewController.m */ = {isa = PBXFileReference; lastKnownFileType = sourcecode.c.objc; path = CAnnotationImportExportViewController.m; sourceTree = "<group>"; };
		C976997B2A56AD3B00187038 /* CInteractiveFormsViewController.h */ = {isa = PBXFileReference; lastKnownFileType = sourcecode.c.h; path = CInteractiveFormsViewController.h; sourceTree = "<group>"; };
		C976997C2A56AD3B00187038 /* CInteractiveFormsViewController.m */ = {isa = PBXFileReference; lastKnownFileType = sourcecode.c.objc; path = CInteractiveFormsViewController.m; sourceTree = "<group>"; };
		C976997F2A579FEC00187038 /* CPDFPageViewController.h */ = {isa = PBXFileReference; lastKnownFileType = sourcecode.c.h; path = CPDFPageViewController.h; sourceTree = "<group>"; };
		C97699802A579FEC00187038 /* CPDFPageViewController.m */ = {isa = PBXFileReference; lastKnownFileType = sourcecode.c.objc; path = CPDFPageViewController.m; sourceTree = "<group>"; };
		C97699832A57E56900187038 /* CImageExtractViewController.h */ = {isa = PBXFileReference; lastKnownFileType = sourcecode.c.h; path = CImageExtractViewController.h; sourceTree = "<group>"; };
		C97699842A57E56900187038 /* CImageExtractViewController.m */ = {isa = PBXFileReference; lastKnownFileType = sourcecode.c.objc; path = CImageExtractViewController.m; sourceTree = "<group>"; };
		C97699872A5800A100187038 /* CTextExtractViewController.h */ = {isa = PBXFileReference; lastKnownFileType = sourcecode.c.h; path = CTextExtractViewController.h; sourceTree = "<group>"; };
		C97699882A5800A100187038 /* CTextExtractViewController.m */ = {isa = PBXFileReference; lastKnownFileType = sourcecode.c.objc; path = CTextExtractViewController.m; sourceTree = "<group>"; };
		C976998B2A580D0400187038 /* CDocumentInfoViewController.h */ = {isa = PBXFileReference; lastKnownFileType = sourcecode.c.h; path = CDocumentInfoViewController.h; sourceTree = "<group>"; };
		C976998C2A580D0400187038 /* CDocumentInfoViewController.m */ = {isa = PBXFileReference; lastKnownFileType = sourcecode.c.objc; path = CDocumentInfoViewController.m; sourceTree = "<group>"; };
		C976998F2A581BA900187038 /* CWatermarkViewController.h */ = {isa = PBXFileReference; lastKnownFileType = sourcecode.c.h; path = CWatermarkViewController.h; sourceTree = "<group>"; };
		C97699902A581BA900187038 /* CWatermarkViewController.m */ = {isa = PBXFileReference; lastKnownFileType = sourcecode.c.objc; path = CWatermarkViewController.m; sourceTree = "<group>"; };
		C97699962A5AAEF900187038 /* CBackgroundViewController.h */ = {isa = PBXFileReference; lastKnownFileType = sourcecode.c.h; path = CBackgroundViewController.h; sourceTree = "<group>"; };
		C97699972A5AAEF900187038 /* CBackgroundViewController.m */ = {isa = PBXFileReference; lastKnownFileType = sourcecode.c.objc; path = CBackgroundViewController.m; sourceTree = "<group>"; };
		C976999A2A5ACAAA00187038 /* CHeaderFooterViewController.h */ = {isa = PBXFileReference; lastKnownFileType = sourcecode.c.h; path = CHeaderFooterViewController.h; sourceTree = "<group>"; };
		C976999B2A5ACAAB00187038 /* CHeaderFooterViewController.m */ = {isa = PBXFileReference; lastKnownFileType = sourcecode.c.objc; path = CHeaderFooterViewController.m; sourceTree = "<group>"; };
		C976999E2A5BA1C300187038 /* CBatesViewController.h */ = {isa = PBXFileReference; lastKnownFileType = sourcecode.c.h; path = CBatesViewController.h; sourceTree = "<group>"; };
		C976999F2A5BA1C300187038 /* CBatesViewController.m */ = {isa = PBXFileReference; lastKnownFileType = sourcecode.c.objc; path = CBatesViewController.m; sourceTree = "<group>"; };
		C97699A22A5BAF8D00187038 /* CRedactViewController.h */ = {isa = PBXFileReference; lastKnownFileType = sourcecode.c.h; path = CRedactViewController.h; sourceTree = "<group>"; };
		C97699A32A5BAF8D00187038 /* CRedactViewController.m */ = {isa = PBXFileReference; lastKnownFileType = sourcecode.c.objc; path = CRedactViewController.m; sourceTree = "<group>"; };
		C97699A62A5BD1B400187038 /* CEncryptViewController.h */ = {isa = PBXFileReference; lastKnownFileType = sourcecode.c.h; path = CEncryptViewController.h; sourceTree = "<group>"; };
		C97699A72A5BD1B400187038 /* CEncryptViewController.m */ = {isa = PBXFileReference; lastKnownFileType = sourcecode.c.objc; path = CEncryptViewController.m; sourceTree = "<group>"; };
		C97699AE2A5BF4A700187038 /* CPDFAViewController.h */ = {isa = PBXFileReference; lastKnownFileType = sourcecode.c.h; path = CPDFAViewController.h; sourceTree = "<group>"; };
		C97699AF2A5BF4A700187038 /* CPDFAViewController.m */ = {isa = PBXFileReference; lastKnownFileType = sourcecode.c.objc; path = CPDFAViewController.m; sourceTree = "<group>"; };
		C97699B22A5BFA4A00187038 /* CFlattenedCopyViewController.h */ = {isa = PBXFileReference; lastKnownFileType = sourcecode.c.h; path = CFlattenedCopyViewController.h; sourceTree = "<group>"; };
		C97699B32A5BFA4A00187038 /* CFlattenedCopyViewController.m */ = {isa = PBXFileReference; lastKnownFileType = sourcecode.c.objc; path = CFlattenedCopyViewController.m; sourceTree = "<group>"; };
		C995A2E42A53FEAD00762127 /* Info.plist */ = {isa = PBXFileReference; lastKnownFileType = text.plist.xml; path = Info.plist; sourceTree = "<group>"; };
		C9E3610F2A5273BC004D31BE /* Samples.app */ = {isa = PBXFileReference; explicitFileType = wrapper.application; includeInIndex = 0; path = Samples.app; sourceTree = BUILT_PRODUCTS_DIR; };
		C9E361122A5273BC004D31BE /* AppDelegate.h */ = {isa = PBXFileReference; lastKnownFileType = sourcecode.c.h; path = AppDelegate.h; sourceTree = "<group>"; };
		C9E361132A5273BC004D31BE /* AppDelegate.m */ = {isa = PBXFileReference; lastKnownFileType = sourcecode.c.objc; path = AppDelegate.m; sourceTree = "<group>"; };
		C9E361152A5273BC004D31BE /* SceneDelegate.h */ = {isa = PBXFileReference; lastKnownFileType = sourcecode.c.h; path = SceneDelegate.h; sourceTree = "<group>"; };
		C9E361162A5273BC004D31BE /* SceneDelegate.m */ = {isa = PBXFileReference; lastKnownFileType = sourcecode.c.objc; path = SceneDelegate.m; sourceTree = "<group>"; };
		C9E361182A5273BC004D31BE /* CSamplesFuctionViewController.h */ = {isa = PBXFileReference; lastKnownFileType = sourcecode.c.h; path = CSamplesFuctionViewController.h; sourceTree = "<group>"; };
		C9E361192A5273BC004D31BE /* CSamplesFuctionViewController.m */ = {isa = PBXFileReference; lastKnownFileType = sourcecode.c.objc; path = CSamplesFuctionViewController.m; sourceTree = "<group>"; };
		C9E3611C2A5273BC004D31BE /* Base */ = {isa = PBXFileReference; lastKnownFileType = file.storyboard; name = Base; path = Base.lproj/Main.storyboard; sourceTree = "<group>"; };
		C9E3611E2A5273BF004D31BE /* Assets.xcassets */ = {isa = PBXFileReference; lastKnownFileType = folder.assetcatalog; path = Assets.xcassets; sourceTree = "<group>"; };
		C9E361212A5273BF004D31BE /* Base */ = {isa = PBXFileReference; lastKnownFileType = file.storyboard; name = Base; path = Base.lproj/LaunchScreen.storyboard; sourceTree = "<group>"; };
		C9E361242A5273BF004D31BE /* main.m */ = {isa = PBXFileReference; lastKnownFileType = sourcecode.c.objc; path = main.m; sourceTree = "<group>"; };
		C9E361372A53AD60004D31BE /* CSamplesBaseViewController.h */ = {isa = PBXFileReference; lastKnownFileType = sourcecode.c.h; path = CSamplesBaseViewController.h; sourceTree = "<group>"; };
		C9E361382A53AD60004D31BE /* CSamplesBaseViewController.m */ = {isa = PBXFileReference; lastKnownFileType = sourcecode.c.objc; path = CSamplesBaseViewController.m; sourceTree = "<group>"; };
		C9E361392A53AD60004D31BE /* CSamplesBaseViewController.xib */ = {isa = PBXFileReference; lastKnownFileType = file.xib; path = CSamplesBaseViewController.xib; sourceTree = "<group>"; };
/* End PBXFileReference section */

/* Begin PBXFrameworksBuildPhase section */
		C9E3610C2A5273BC004D31BE /* Frameworks */ = {
			isa = PBXFrameworksBuildPhase;
			buildActionMask = 2147483647;
			files = (
				C92996862B282D0900BD6587 /* ComPDFKit.xcframework in Frameworks */,
			);
			runOnlyForDeploymentPostprocessing = 0;
		};
/* End PBXFrameworksBuildPhase section */

/* Begin PBXGroup section */
		C929968B2B282DB300BD6587 /* TestFile */ = {
			isa = PBXGroup;
			children = (
				C929968C2B282DB300BD6587 /* Bird.wav */,
				C929968D2B282DB300BD6587 /* CommonFivePage.pdf */,
				C929968E2B282DB300BD6587 /* ComPDFKit_Signatures_Sample_File.pdf */,
				C929968F2B282DB300BD6587 /* ComPDFKit_Measurement_Sample_File.pdf */,
				C92996902B282DB300BD6587 /* Form_Widgets_Test.pdf */,
				C92996912B282DB300BD6587 /* ComPDFKit_Forms_Sample_File.pdf */,
				C92996922B282DB300BD6587 /* PDF32000_2008.pdf */,
				C92996932B282DB300BD6587 /* ComPDFKit_Watermark_Sample_File.pdf */,
				C92996942B282DB300BD6587 /* ComPDFKit_Document_Editor_Sample_File.pdf */,
				C92996952B282DB300BD6587 /* Blank Page.pdf */,
				C92996962B282DB300BD6587 /* Password_compdfkit_Security_Sample_File.pdf */,
				C92996972B282DB300BD6587 /* Logo.png */,
				C92996982B282DB300BD6587 /* CreateAnnotationTest.pdf */,
				C92996992B282DB300BD6587 /* ComPDFKit_Content_Editor_Sample_File.pdf */,
				C929969A2B282DB300BD6587 /* ComPDFKit_Sample_File_iOS.pdf */,
				C929969B2B282DB300BD6587 /* ComPDFKit_Viewer_Sample_File.pdf */,
				C929969C2B282DB300BD6587 /* AllPasswords.pdf */,
				C929969D2B282DB300BD6587 /* developer_guide_ios.pdf */,
				C929969E2B282DB300BD6587 /* ComPDFKit_Annotations_Sample_File.pdf */,
				C929969F2B282DB300BD6587 /* text.pdf */,
			);
			name = TestFile;
			path = ../TestFile;
			sourceTree = "<group>";
		};
		C92996A02B282DB300BD6587 /* XMLParse */ = {
			isa = PBXGroup;
			children = (
				C92996A12B282DB300BD6587 /* XMLReader.h */,
				C92996A22B282DB300BD6587 /* XMLReader.m */,
			);
			name = XMLParse;
			path = ../XMLParse;
			sourceTree = "<group>";
		};
		C94499632ABA9C43008FC994 /* DigitalSignature */ = {
			isa = PBXGroup;
			children = (
				C94499642ABA9CE6008FC994 /* CDigitalSignatureViewController.h */,
				C94499652ABA9CE6008FC994 /* CDigitalSignatureViewController.m */,
			);
			path = DigitalSignature;
			sourceTree = "<group>";
		};
		C97699502A54F93200187038 /* Bookmark */ = {
			isa = PBXGroup;
			children = (
				C97699442A540D4200187038 /* CBookmarkViewController.h */,
				C97699452A540D4200187038 /* CBookmarkViewController.m */,
			);
			path = Bookmark;
			sourceTree = "<group>";
		};
		C97699512A5515DF00187038 /* Outline */ = {
			isa = PBXGroup;
			children = (
				C97699522A55162B00187038 /* COutlineViewController.h */,
				C97699532A55162B00187038 /* COutlineViewController.m */,
			);
			path = Outline;
			sourceTree = "<group>";
		};
		C97699622A554F1000187038 /* PDFToImage */ = {
			isa = PBXGroup;
			children = (
				C97699632A554F4800187038 /* CPDFToImageViewController.h */,
				C97699642A554F4800187038 /* CPDFToImageViewController.m */,
			);
			path = PDFToImage;
			sourceTree = "<group>";
		};
		C97699662A5566E800187038 /* TextSearch */ = {
			isa = PBXGroup;
			children = (
				C97699672A556AE400187038 /* CTextSearchViewController.h */,
				C97699682A556AE400187038 /* CTextSearchViewController.m */,
			);
			path = TextSearch;
			sourceTree = "<group>";
		};
		C976996E2A55959F00187038 /* Annotation */ = {
			isa = PBXGroup;
			children = (
				C976996F2A5595DF00187038 /* CAnnotaitonViewController.h */,
				C97699702A5595DF00187038 /* CAnnotaitonViewController.m */,
			);
			path = Annotation;
			sourceTree = "<group>";
		};
		C97699762A569C4700187038 /* AnnotationImportExport */ = {
			isa = PBXGroup;
			children = (
				C97699772A569C9400187038 /* CAnnotationImportExportViewController.h */,
				C97699782A569C9400187038 /* CAnnotationImportExportViewController.m */,
			);
			path = AnnotationImportExport;
			sourceTree = "<group>";
		};
		C976997A2A56AC0300187038 /* InteractiveForms */ = {
			isa = PBXGroup;
			children = (
				C976997B2A56AD3B00187038 /* CInteractiveFormsViewController.h */,
				C976997C2A56AD3B00187038 /* CInteractiveFormsViewController.m */,
			);
			path = InteractiveForms;
			sourceTree = "<group>";
		};
		C976997E2A579F5F00187038 /* PDFPage */ = {
			isa = PBXGroup;
			children = (
				C976997F2A579FEC00187038 /* CPDFPageViewController.h */,
				C97699802A579FEC00187038 /* CPDFPageViewController.m */,
			);
			path = PDFPage;
			sourceTree = "<group>";
		};
		C97699822A57E54700187038 /* ImageExtract */ = {
			isa = PBXGroup;
			children = (
				C97699832A57E56900187038 /* CImageExtractViewController.h */,
				C97699842A57E56900187038 /* CImageExtractViewController.m */,
			);
			path = ImageExtract;
			sourceTree = "<group>";
		};
		C97699862A57FE5600187038 /* TextExtract */ = {
			isa = PBXGroup;
			children = (
				C97699872A5800A100187038 /* CTextExtractViewController.h */,
				C97699882A5800A100187038 /* CTextExtractViewController.m */,
			);
			path = TextExtract;
			sourceTree = "<group>";
		};
		C976998A2A580CBE00187038 /* DocumentInfo */ = {
			isa = PBXGroup;
			children = (
				C976998B2A580D0400187038 /* CDocumentInfoViewController.h */,
				C976998C2A580D0400187038 /* CDocumentInfoViewController.m */,
			);
			path = DocumentInfo;
			sourceTree = "<group>";
		};
		C976998E2A581B7600187038 /* Watermark */ = {
			isa = PBXGroup;
			children = (
				C976998F2A581BA900187038 /* CWatermarkViewController.h */,
				C97699902A581BA900187038 /* CWatermarkViewController.m */,
			);
			path = Watermark;
			sourceTree = "<group>";
		};
		C97699952A5AAEB100187038 /* Background */ = {
			isa = PBXGroup;
			children = (
				C97699962A5AAEF900187038 /* CBackgroundViewController.h */,
				C97699972A5AAEF900187038 /* CBackgroundViewController.m */,
			);
			path = Background;
			sourceTree = "<group>";
		};
		C97699992A5ACA7700187038 /* HeaderFooter */ = {
			isa = PBXGroup;
			children = (
				C976999A2A5ACAAA00187038 /* CHeaderFooterViewController.h */,
				C976999B2A5ACAAB00187038 /* CHeaderFooterViewController.m */,
			);
			path = HeaderFooter;
			sourceTree = "<group>";
		};
		C976999D2A5BA19600187038 /* Bates */ = {
			isa = PBXGroup;
			children = (
				C976999E2A5BA1C300187038 /* CBatesViewController.h */,
				C976999F2A5BA1C300187038 /* CBatesViewController.m */,
			);
			path = Bates;
			sourceTree = "<group>";
		};
		C97699A12A5BAF4F00187038 /* Redact */ = {
			isa = PBXGroup;
			children = (
				C97699A22A5BAF8D00187038 /* CRedactViewController.h */,
				C97699A32A5BAF8D00187038 /* CRedactViewController.m */,
			);
			path = Redact;
			sourceTree = "<group>";
		};
		C97699A52A5BD19A00187038 /* Encrypt */ = {
			isa = PBXGroup;
			children = (
				C97699A62A5BD1B400187038 /* CEncryptViewController.h */,
				C97699A72A5BD1B400187038 /* CEncryptViewController.m */,
			);
			path = Encrypt;
			sourceTree = "<group>";
		};
		C97699AD2A5BF44600187038 /* PDFA */ = {
			isa = PBXGroup;
			children = (
				C97699AE2A5BF4A700187038 /* CPDFAViewController.h */,
				C97699AF2A5BF4A700187038 /* CPDFAViewController.m */,
			);
			path = PDFA;
			sourceTree = "<group>";
		};
		C97699B12A5BFA2800187038 /* FlattenedCopy */ = {
			isa = PBXGroup;
			children = (
				C97699B22A5BFA4A00187038 /* CFlattenedCopyViewController.h */,
				C97699B32A5BFA4A00187038 /* CFlattenedCopyViewController.m */,
			);
			path = FlattenedCopy;
			sourceTree = "<group>";
		};
		C9E361062A5273BC004D31BE = {
			isa = PBXGroup;
			children = (
				C929968B2B282DB300BD6587 /* TestFile */,
				C92996A02B282DB300BD6587 /* XMLParse */,
				C9E361112A5273BC004D31BE /* Samples */,
				C9E361102A5273BC004D31BE /* Products */,
				C9E361312A52E6CE004D31BE /* Frameworks */,
			);
			sourceTree = "<group>";
		};
		C9E361102A5273BC004D31BE /* Products */ = {
			isa = PBXGroup;
			children = (
				C9E3610F2A5273BC004D31BE /* Samples.app */,
			);
			name = Products;
			sourceTree = "<group>";
		};
		C9E361112A5273BC004D31BE /* Samples */ = {
			isa = PBXGroup;
			children = (
				C9E361122A5273BC004D31BE /* AppDelegate.h */,
				C9E361132A5273BC004D31BE /* AppDelegate.m */,
				C9E361152A5273BC004D31BE /* SceneDelegate.h */,
				C9E361162A5273BC004D31BE /* SceneDelegate.m */,
				C9E361182A5273BC004D31BE /* CSamplesFuctionViewController.h */,
				C9E361192A5273BC004D31BE /* CSamplesFuctionViewController.m */,
				C9E361362A53ACDE004D31BE /* SamplesBase */,
				C97699512A5515DF00187038 /* Outline */,
				C97699622A554F1000187038 /* PDFToImage */,
				C97699502A54F93200187038 /* Bookmark */,
				C97699662A5566E800187038 /* TextSearch */,
				C976996E2A55959F00187038 /* Annotation */,
				C97699762A569C4700187038 /* AnnotationImportExport */,
				C976997A2A56AC0300187038 /* InteractiveForms */,
				C976997E2A579F5F00187038 /* PDFPage */,
				C97699822A57E54700187038 /* ImageExtract */,
				C97699862A57FE5600187038 /* TextExtract */,
				C976998A2A580CBE00187038 /* DocumentInfo */,
				C97699952A5AAEB100187038 /* Background */,
				C976998E2A581B7600187038 /* Watermark */,
				C97699992A5ACA7700187038 /* HeaderFooter */,
				C976999D2A5BA19600187038 /* Bates */,
				C97699A12A5BAF4F00187038 /* Redact */,
				C97699A52A5BD19A00187038 /* Encrypt */,
				C97699AD2A5BF44600187038 /* PDFA */,
				C97699B12A5BFA2800187038 /* FlattenedCopy */,
				C94499632ABA9C43008FC994 /* DigitalSignature */,
				C9E3611B2A5273BC004D31BE /* Main.storyboard */,
				C9E3611E2A5273BF004D31BE /* Assets.xcassets */,
				C995A2E42A53FEAD00762127 /* Info.plist */,
				C9E361202A5273BF004D31BE /* LaunchScreen.storyboard */,
				C9E361242A5273BF004D31BE /* main.m */,
			);
			path = Samples;
			sourceTree = "<group>";
		};
		C9E361312A52E6CE004D31BE /* Frameworks */ = {
			isa = PBXGroup;
			children = (
				C92996852B282D0900BD6587 /* ComPDFKit.xcframework */,
			);
			name = Frameworks;
			sourceTree = "<group>";
		};
		C9E361362A53ACDE004D31BE /* SamplesBase */ = {
			isa = PBXGroup;
			children = (
				C9E361372A53AD60004D31BE /* CSamplesBaseViewController.h */,
				C9E361382A53AD60004D31BE /* CSamplesBaseViewController.m */,
				C9E361392A53AD60004D31BE /* CSamplesBaseViewController.xib */,
			);
			path = SamplesBase;
			sourceTree = "<group>";
		};
/* End PBXGroup section */

/* Begin PBXNativeTarget section */
		C9E3610E2A5273BC004D31BE /* Samples */ = {
			isa = PBXNativeTarget;
			buildConfigurationList = C9E361282A5273BF004D31BE /* Build configuration list for PBXNativeTarget "Samples" */;
			buildPhases = (
				C9E3610B2A5273BC004D31BE /* Sources */,
				C9E3610C2A5273BC004D31BE /* Frameworks */,
				C9E3610D2A5273BC004D31BE /* Resources */,
				C92996882B282D0900BD6587 /* Embed Frameworks */,
			);
			buildRules = (
			);
			dependencies = (
			);
			name = Samples;
			productName = ComPDFKit_Samples;
			productReference = C9E3610F2A5273BC004D31BE /* Samples.app */;
			productType = "com.apple.product-type.application";
		};
/* End PBXNativeTarget section */

/* Begin PBXProject section */
		C9E361072A5273BC004D31BE /* Project object */ = {
			isa = PBXProject;
			attributes = {
				BuildIndependentTargetsInParallel = 1;
				LastUpgradeCheck = 1420;
				TargetAttributes = {
					C9E3610E2A5273BC004D31BE = {
						CreatedOnToolsVersion = 14.2;
					};
				};
			};
			buildConfigurationList = C9E3610A2A5273BC004D31BE /* Build configuration list for PBXProject "Samples" */;
			compatibilityVersion = "Xcode 14.0";
			developmentRegion = en;
			hasScannedForEncodings = 0;
			knownRegions = (
				en,
				Base,
			);
			mainGroup = C9E361062A5273BC004D31BE;
			productRefGroup = C9E361102A5273BC004D31BE /* Products */;
			projectDirPath = "";
			projectRoot = "";
			targets = (
				C9E3610E2A5273BC004D31BE /* Samples */,
			);
		};
/* End PBXProject section */

/* Begin PBXResourcesBuildPhase section */
		C9E3610D2A5273BC004D31BE /* Resources */ = {
			isa = PBXResourcesBuildPhase;
			buildActionMask = 2147483647;
			files = (
				C92996B42B282DB300BD6587 /* developer_guide_ios.pdf in Resources */,
				C92996A72B282DB300BD6587 /* Form_Widgets_Test.pdf in Resources */,
				C92996AA2B282DB300BD6587 /* ComPDFKit_Watermark_Sample_File.pdf in Resources */,
				C92996B52B282DB300BD6587 /* ComPDFKit_Annotations_Sample_File.pdf in Resources */,
				C9E361222A5273BF004D31BE /* LaunchScreen.storyboard in Resources */,
				C92996A52B282DB300BD6587 /* ComPDFKit_Signatures_Sample_File.pdf in Resources */,
				C92996B12B282DB300BD6587 /* ComPDFKit_Sample_File_iOS.pdf in Resources */,
				C92996A62B282DB300BD6587 /* ComPDFKit_Measurement_Sample_File.pdf in Resources */,
				C92996A32B282DB300BD6587 /* Bird.wav in Resources */,
				C92996A92B282DB300BD6587 /* PDF32000_2008.pdf in Resources */,
				C92996B02B282DB300BD6587 /* ComPDFKit_Content_Editor_Sample_File.pdf in Resources */,
				C92996AF2B282DB300BD6587 /* CreateAnnotationTest.pdf in Resources */,
				C9E3611F2A5273BF004D31BE /* Assets.xcassets in Resources */,
				C92996B32B282DB300BD6587 /* AllPasswords.pdf in Resources */,
				C92996A42B282DB300BD6587 /* CommonFivePage.pdf in Resources */,
				C9E3613B2A53AD60004D31BE /* CSamplesBaseViewController.xib in Resources */,
				C92996AE2B282DB300BD6587 /* Logo.png in Resources */,
				C92996A82B282DB300BD6587 /* ComPDFKit_Forms_Sample_File.pdf in Resources */,
				C92996B22B282DB300BD6587 /* ComPDFKit_Viewer_Sample_File.pdf in Resources */,
				C92996AC2B282DB300BD6587 /* Blank Page.pdf in Resources */,
				C92996AD2B282DB300BD6587 /* Password_compdfkit_Security_Sample_File.pdf in Resources */,
				C92996AB2B282DB300BD6587 /* ComPDFKit_Document_Editor_Sample_File.pdf in Resources */,
				C9E3611D2A5273BC004D31BE /* Main.storyboard in Resources */,
				C92996B62B282DB300BD6587 /* text.pdf in Resources */,
			);
			runOnlyForDeploymentPostprocessing = 0;
		};
/* End PBXResourcesBuildPhase section */

/* Begin PBXSourcesBuildPhase section */
		C9E3610B2A5273BC004D31BE /* Sources */ = {
			isa = PBXSourcesBuildPhase;
			buildActionMask = 2147483647;
			files = (
				C97699812A579FEC00187038 /* CPDFPageViewController.m in Sources */,
				C97699462A540D4200187038 /* CBookmarkViewController.m in Sources */,
				C9E3611A2A5273BC004D31BE /* CSamplesFuctionViewController.m in Sources */,
				C97699912A581BA900187038 /* CWatermarkViewController.m in Sources */,
				C976998D2A580D0400187038 /* CDocumentInfoViewController.m in Sources */,
				C97699852A57E56900187038 /* CImageExtractViewController.m in Sources */,
				C9E361142A5273BC004D31BE /* AppDelegate.m in Sources */,
				C94499662ABA9CE6008FC994 /* CDigitalSignatureViewController.m in Sources */,
				C92996B72B282DB300BD6587 /* XMLReader.m in Sources */,
				C97699A02A5BA1C300187038 /* CBatesViewController.m in Sources */,
				C976997D2A56AD3B00187038 /* CInteractiveFormsViewController.m in Sources */,
				C97699792A569C9400187038 /* CAnnotationImportExportViewController.m in Sources */,
				C976999C2A5ACAAB00187038 /* CHeaderFooterViewController.m in Sources */,
				C97699982A5AAEF900187038 /* CBackgroundViewController.m in Sources */,
				C9E361252A5273BF004D31BE /* main.m in Sources */,
				C97699B42A5BFA4A00187038 /* CFlattenedCopyViewController.m in Sources */,
				C97699892A5800A100187038 /* CTextExtractViewController.m in Sources */,
				C97699A42A5BAF8D00187038 /* CRedactViewController.m in Sources */,
				C97699652A554F4800187038 /* CPDFToImageViewController.m in Sources */,
				C97699A82A5BD1B400187038 /* CEncryptViewController.m in Sources */,
				C97699542A55162B00187038 /* COutlineViewController.m in Sources */,
				C97699712A5595DF00187038 /* CAnnotaitonViewController.m in Sources */,
				C97699692A556AE400187038 /* CTextSearchViewController.m in Sources */,
				C97699B02A5BF4A700187038 /* CPDFAViewController.m in Sources */,
				C9E361172A5273BC004D31BE /* SceneDelegate.m in Sources */,
				C9E3613A2A53AD60004D31BE /* CSamplesBaseViewController.m in Sources */,
			);
			runOnlyForDeploymentPostprocessing = 0;
		};
/* End PBXSourcesBuildPhase section */

/* Begin PBXVariantGroup section */
		C9E3611B2A5273BC004D31BE /* Main.storyboard */ = {
			isa = PBXVariantGroup;
			children = (
				C9E3611C2A5273BC004D31BE /* Base */,
			);
			name = Main.storyboard;
			sourceTree = "<group>";
		};
		C9E361202A5273BF004D31BE /* LaunchScreen.storyboard */ = {
			isa = PBXVariantGroup;
			children = (
				C9E361212A5273BF004D31BE /* Base */,
			);
			name = LaunchScreen.storyboard;
			sourceTree = "<group>";
		};
/* End PBXVariantGroup section */

/* Begin XCBuildConfiguration section */
		C9E361262A5273BF004D31BE /* Debug */ = {
			isa = XCBuildConfiguration;
			buildSettings = {
				ALWAYS_SEARCH_USER_PATHS = NO;
				CLANG_ANALYZER_NONNULL = YES;
				CLANG_ANALYZER_NUMBER_OBJECT_CONVERSION = YES_AGGRESSIVE;
				CLANG_CXX_LANGUAGE_STANDARD = "gnu++20";
				CLANG_ENABLE_MODULES = YES;
				CLANG_ENABLE_OBJC_ARC = YES;
				CLANG_ENABLE_OBJC_WEAK = YES;
				CLANG_WARN_BLOCK_CAPTURE_AUTORELEASING = YES;
				CLANG_WARN_BOOL_CONVERSION = YES;
				CLANG_WARN_COMMA = YES;
				CLANG_WARN_CONSTANT_CONVERSION = YES;
				CLANG_WARN_DEPRECATED_OBJC_IMPLEMENTATIONS = YES;
				CLANG_WARN_DIRECT_OBJC_ISA_USAGE = YES_ERROR;
				CLANG_WARN_DOCUMENTATION_COMMENTS = YES;
				CLANG_WARN_EMPTY_BODY = YES;
				CLANG_WARN_ENUM_CONVERSION = YES;
				CLANG_WARN_INFINITE_RECURSION = YES;
				CLANG_WARN_INT_CONVERSION = YES;
				CLANG_WARN_NON_LITERAL_NULL_CONVERSION = YES;
				CLANG_WARN_OBJC_IMPLICIT_RETAIN_SELF = YES;
				CLANG_WARN_OBJC_LITERAL_CONVERSION = YES;
				CLANG_WARN_OBJC_ROOT_CLASS = YES_ERROR;
				CLANG_WARN_QUOTED_INCLUDE_IN_FRAMEWORK_HEADER = YES;
				CLANG_WARN_RANGE_LOOP_ANALYSIS = YES;
				CLANG_WARN_STRICT_PROTOTYPES = YES;
				CLANG_WARN_SUSPICIOUS_MOVE = YES;
				CLANG_WARN_UNGUARDED_AVAILABILITY = YES_AGGRESSIVE;
				CLANG_WARN_UNREACHABLE_CODE = YES;
				CLANG_WARN__DUPLICATE_METHOD_MATCH = YES;
				COPY_PHASE_STRIP = NO;
				DEBUG_INFORMATION_FORMAT = dwarf;
				ENABLE_STRICT_OBJC_MSGSEND = YES;
				ENABLE_TESTABILITY = YES;
				GCC_C_LANGUAGE_STANDARD = gnu11;
				GCC_DYNAMIC_NO_PIC = NO;
				GCC_NO_COMMON_BLOCKS = YES;
				GCC_OPTIMIZATION_LEVEL = 0;
				GCC_PREPROCESSOR_DEFINITIONS = (
					"DEBUG=1",
					"$(inherited)",
				);
				GCC_WARN_64_TO_32_BIT_CONVERSION = YES;
				GCC_WARN_ABOUT_RETURN_TYPE = YES_ERROR;
				GCC_WARN_UNDECLARED_SELECTOR = YES;
				GCC_WARN_UNINITIALIZED_AUTOS = YES_AGGRESSIVE;
				GCC_WARN_UNUSED_FUNCTION = YES;
				GCC_WARN_UNUSED_VARIABLE = YES;
				IPHONEOS_DEPLOYMENT_TARGET = 10.0;
				MTL_ENABLE_DEBUG_INFO = INCLUDE_SOURCE;
				MTL_FAST_MATH = YES;
				ONLY_ACTIVE_ARCH = YES;
				SDKROOT = iphoneos;
			};
			name = Debug;
		};
		C9E361272A5273BF004D31BE /* Release */ = {
			isa = XCBuildConfiguration;
			buildSettings = {
				ALWAYS_SEARCH_USER_PATHS = NO;
				CLANG_ANALYZER_NONNULL = YES;
				CLANG_ANALYZER_NUMBER_OBJECT_CONVERSION = YES_AGGRESSIVE;
				CLANG_CXX_LANGUAGE_STANDARD = "gnu++20";
				CLANG_ENABLE_MODULES = YES;
				CLANG_ENABLE_OBJC_ARC = YES;
				CLANG_ENABLE_OBJC_WEAK = YES;
				CLANG_WARN_BLOCK_CAPTURE_AUTORELEASING = YES;
				CLANG_WARN_BOOL_CONVERSION = YES;
				CLANG_WARN_COMMA = YES;
				CLANG_WARN_CONSTANT_CONVERSION = YES;
				CLANG_WARN_DEPRECATED_OBJC_IMPLEMENTATIONS = YES;
				CLANG_WARN_DIRECT_OBJC_ISA_USAGE = YES_ERROR;
				CLANG_WARN_DOCUMENTATION_COMMENTS = YES;
				CLANG_WARN_EMPTY_BODY = YES;
				CLANG_WARN_ENUM_CONVERSION = YES;
				CLANG_WARN_INFINITE_RECURSION = YES;
				CLANG_WARN_INT_CONVERSION = YES;
				CLANG_WARN_NON_LITERAL_NULL_CONVERSION = YES;
				CLANG_WARN_OBJC_IMPLICIT_RETAIN_SELF = YES;
				CLANG_WARN_OBJC_LITERAL_CONVERSION = YES;
				CLANG_WARN_OBJC_ROOT_CLASS = YES_ERROR;
				CLANG_WARN_QUOTED_INCLUDE_IN_FRAMEWORK_HEADER = YES;
				CLANG_WARN_RANGE_LOOP_ANALYSIS = YES;
				CLANG_WARN_STRICT_PROTOTYPES = YES;
				CLANG_WARN_SUSPICIOUS_MOVE = YES;
				CLANG_WARN_UNGUARDED_AVAILABILITY = YES_AGGRESSIVE;
				CLANG_WARN_UNREACHABLE_CODE = YES;
				CLANG_WARN__DUPLICATE_METHOD_MATCH = YES;
				COPY_PHASE_STRIP = NO;
				DEBUG_INFORMATION_FORMAT = "dwarf-with-dsym";
				ENABLE_NS_ASSERTIONS = NO;
				ENABLE_STRICT_OBJC_MSGSEND = YES;
				GCC_C_LANGUAGE_STANDARD = gnu11;
				GCC_NO_COMMON_BLOCKS = YES;
				GCC_WARN_64_TO_32_BIT_CONVERSION = YES;
				GCC_WARN_ABOUT_RETURN_TYPE = YES_ERROR;
				GCC_WARN_UNDECLARED_SELECTOR = YES;
				GCC_WARN_UNINITIALIZED_AUTOS = YES_AGGRESSIVE;
				GCC_WARN_UNUSED_FUNCTION = YES;
				GCC_WARN_UNUSED_VARIABLE = YES;
				IPHONEOS_DEPLOYMENT_TARGET = 10.0;
				MTL_ENABLE_DEBUG_INFO = NO;
				MTL_FAST_MATH = YES;
				SDKROOT = iphoneos;
				VALIDATE_PRODUCT = YES;
			};
			name = Release;
		};
		C9E361292A5273BF004D31BE /* Debug */ = {
			isa = XCBuildConfiguration;
			buildSettings = {
				ASSETCATALOG_COMPILER_APPICON_NAME = AppIcon;
				ASSETCATALOG_COMPILER_GLOBAL_ACCENT_COLOR_NAME = AccentColor;
				CODE_SIGN_STYLE = Automatic;
				CURRENT_PROJECT_VERSION = 1;
				DEVELOPMENT_TEAM = 4GGQPGRTSV;
				"EXCLUDED_ARCHS[sdk=iphonesimulator*]" = arm64;
				FRAMEWORK_SEARCH_PATHS = (
					"$(inherited)",
					"$(PROJECT_DIR)",
				);
				GENERATE_INFOPLIST_FILE = YES;
				INFOPLIST_FILE = Samples/Info.plist;
				INFOPLIST_KEY_CFBundleDisplayName = Samples_ComPDFKit;
				INFOPLIST_KEY_UIApplicationSupportsIndirectInputEvents = YES;
				INFOPLIST_KEY_UILaunchStoryboardName = LaunchScreen;
				INFOPLIST_KEY_UIMainStoryboardFile = Main;
				INFOPLIST_KEY_UISupportedInterfaceOrientations_iPad = "UIInterfaceOrientationPortrait UIInterfaceOrientationPortraitUpsideDown UIInterfaceOrientationLandscapeLeft UIInterfaceOrientationLandscapeRight";
				INFOPLIST_KEY_UISupportedInterfaceOrientations_iPhone = "UIInterfaceOrientationPortrait UIInterfaceOrientationLandscapeLeft UIInterfaceOrientationLandscapeRight";
				IPHONEOS_DEPLOYMENT_TARGET = 10.0;
				LD_RUNPATH_SEARCH_PATHS = (
					"$(inherited)",
					"@executable_path/Frameworks",
				);
				MARKETING_VERSION = 1.0;
				PRODUCT_BUNDLE_IDENTIFIER = com.compdfkit.samples;
				PRODUCT_NAME = "$(TARGET_NAME)";
				SWIFT_EMIT_LOC_STRINGS = YES;
				TARGETED_DEVICE_FAMILY = "1,2";
			};
			name = Debug;
		};
		C9E3612A2A5273BF004D31BE /* Release */ = {
			isa = XCBuildConfiguration;
			buildSettings = {
				ASSETCATALOG_COMPILER_APPICON_NAME = AppIcon;
				ASSETCATALOG_COMPILER_GLOBAL_ACCENT_COLOR_NAME = AccentColor;
				CODE_SIGN_STYLE = Automatic;
				CURRENT_PROJECT_VERSION = 1;
				DEVELOPMENT_TEAM = 4GGQPGRTSV;
				"EXCLUDED_ARCHS[sdk=iphonesimulator*]" = arm64;
				FRAMEWORK_SEARCH_PATHS = (
					"$(inherited)",
					"$(PROJECT_DIR)",
				);
				GENERATE_INFOPLIST_FILE = YES;
				INFOPLIST_FILE = Samples/Info.plist;
				INFOPLIST_KEY_CFBundleDisplayName = Samples_ComPDFKit;
				INFOPLIST_KEY_UIApplicationSupportsIndirectInputEvents = YES;
				INFOPLIST_KEY_UILaunchStoryboardName = LaunchScreen;
				INFOPLIST_KEY_UIMainStoryboardFile = Main;
				INFOPLIST_KEY_UISupportedInterfaceOrientations_iPad = "UIInterfaceOrientationPortrait UIInterfaceOrientationPortraitUpsideDown UIInterfaceOrientationLandscapeLeft UIInterfaceOrientationLandscapeRight";
				INFOPLIST_KEY_UISupportedInterfaceOrientations_iPhone = "UIInterfaceOrientationPortrait UIInterfaceOrientationLandscapeLeft UIInterfaceOrientationLandscapeRight";
				IPHONEOS_DEPLOYMENT_TARGET = 10.0;
				LD_RUNPATH_SEARCH_PATHS = (
					"$(inherited)",
					"@executable_path/Frameworks",
				);
				MARKETING_VERSION = 1.0;
				PRODUCT_BUNDLE_IDENTIFIER = com.compdfkit.samples;
				PRODUCT_NAME = "$(TARGET_NAME)";
				SWIFT_EMIT_LOC_STRINGS = YES;
				TARGETED_DEVICE_FAMILY = "1,2";
			};
			name = Release;
		};
/* End XCBuildConfiguration section */

/* Begin XCConfigurationList section */
		C9E3610A2A5273BC004D31BE /* Build configuration list for PBXProject "Samples" */ = {
			isa = XCConfigurationList;
			buildConfigurations = (
				C9E361262A5273BF004D31BE /* Debug */,
				C9E361272A5273BF004D31BE /* Release */,
			);
			defaultConfigurationIsVisible = 0;
			defaultConfigurationName = Release;
		};
		C9E361282A5273BF004D31BE /* Build configuration list for PBXNativeTarget "Samples" */ = {
			isa = XCConfigurationList;
			buildConfigurations = (
				C9E361292A5273BF004D31BE /* Debug */,
				C9E3612A2A5273BF004D31BE /* Release */,
			);
			defaultConfigurationIsVisible = 0;
			defaultConfigurationName = Release;
		};
/* End XCConfigurationList section */
	};
	rootObject = C9E361072A5273BC004D31BE /* Project object */;
}
